// !$*UTF8*$!
{
	archiveVersion = 1;
	classes = {
	};
	objectVersion = 51;
	objects = {

/* Begin PBXBuildFile section */
		7BB1E5C600B8F1C3B00CC8A5 /* Pods_exerciciofipe.framework in Frameworks */ = {isa = PBXBuildFile; fileRef = 967816B70D1C2F89D50E168D /* Pods_exerciciofipe.framework */; };
		9F2251942581560D009887AA /* CarBrandViewModel.swift in Sources */ = {isa = PBXBuildFile; fileRef = 9F2251932581560D009887AA /* CarBrandViewModel.swift */; };
		9F22519825815B3A009887AA /* BrandViewController.swift in Sources */ = {isa = PBXBuildFile; fileRef = 9F22519725815B3A009887AA /* BrandViewController.swift */; };
		9F4057DC257EDD490070F04B /* AppDelegate.swift in Sources */ = {isa = PBXBuildFile; fileRef = 9F4057DB257EDD490070F04B /* AppDelegate.swift */; };
		9F4057DE257EDD490070F04B /* SceneDelegate.swift in Sources */ = {isa = PBXBuildFile; fileRef = 9F4057DD257EDD490070F04B /* SceneDelegate.swift */; };
		9F4057E5257EDD4B0070F04B /* Assets.xcassets in Resources */ = {isa = PBXBuildFile; fileRef = 9F4057E4257EDD4B0070F04B /* Assets.xcassets */; };
		9F4057E8257EDD4B0070F04B /* LaunchScreen.storyboard in Resources */ = {isa = PBXBuildFile; fileRef = 9F4057E6257EDD4B0070F04B /* LaunchScreen.storyboard */; };
		9F40580E257EE85E0070F04B /* CarFipeViewCell.swift in Sources */ = {isa = PBXBuildFile; fileRef = 9F40580C257EE85E0070F04B /* CarFipeViewCell.swift */; };
		9F40580F257EE85E0070F04B /* CarFipeViewCell.xib in Resources */ = {isa = PBXBuildFile; fileRef = 9F40580D257EE85E0070F04B /* CarFipeViewCell.xib */; };
		9F405812257EEABD0070F04B /* Brand.swift in Sources */ = {isa = PBXBuildFile; fileRef = 9F405811257EEABD0070F04B /* Brand.swift */; };
		9F405815257EEB740070F04B /* CarModel.swift in Sources */ = {isa = PBXBuildFile; fileRef = 9F405814257EEB740070F04B /* CarModel.swift */; };
		9F405819257EEC350070F04B /* BaseClass.swift in Sources */ = {isa = PBXBuildFile; fileRef = 9F405818257EEC350070F04B /* BaseClass.swift */; };
		9F40581C257EECC60070F04B /* CarYear.swift in Sources */ = {isa = PBXBuildFile; fileRef = 9F40581B257EECC60070F04B /* CarYear.swift */; };
		9F40581F257EECEE0070F04B /* CarDetail.swift in Sources */ = {isa = PBXBuildFile; fileRef = 9F40581E257EECEE0070F04B /* CarDetail.swift */; };
		9FDEAFB725815DA000EB239C /* Main.storyboard in Resources */ = {isa = PBXBuildFile; fileRef = 9FDEAFB625815DA000EB239C /* Main.storyboard */; };
		9FDEAFC2258169B500EB239C /* NavigationPages.swift in Sources */ = {isa = PBXBuildFile; fileRef = 9FDEAFC1258169B500EB239C /* NavigationPages.swift */; };
		9FDEAFC625817B2600EB239C /* CarModelViewController.swift in Sources */ = {isa = PBXBuildFile; fileRef = 9FDEAFC525817B2600EB239C /* CarModelViewController.swift */; };
		9FDEAFC925817B3400EB239C /* CarModel.storyboard in Resources */ = {isa = PBXBuildFile; fileRef = 9FDEAFC825817B3400EB239C /* CarModel.storyboard */; };
		9FDEAFCC25817BB300EB239C /* CarModelViewModel.swift in Sources */ = {isa = PBXBuildFile; fileRef = 9FDEAFCB25817BB300EB239C /* CarModelViewModel.swift */; };
		9FDEAFD02582902A00EB239C /* CarYearViewController.swift in Sources */ = {isa = PBXBuildFile; fileRef = 9FDEAFCF2582902A00EB239C /* CarYearViewController.swift */; };
		9FDEAFD32582903800EB239C /* CarYear.storyboard in Resources */ = {isa = PBXBuildFile; fileRef = 9FDEAFD22582903800EB239C /* CarYear.storyboard */; };
		9FDEAFD6258290D000EB239C /* CarYearViewModel.swift in Sources */ = {isa = PBXBuildFile; fileRef = 9FDEAFD5258290D000EB239C /* CarYearViewModel.swift */; };
		9FDEAFDA2582A24800EB239C /* CarDetailViewModel.swift in Sources */ = {isa = PBXBuildFile; fileRef = 9FDEAFD92582A24800EB239C /* CarDetailViewModel.swift */; };
		9FDEAFDD2582BE9000EB239C /* CarDetailViewController.swift in Sources */ = {isa = PBXBuildFile; fileRef = 9FDEAFDC2582BE9000EB239C /* CarDetailViewController.swift */; };
		9FDEAFE02582BEB100EB239C /* CarDetail.storyboard in Resources */ = {isa = PBXBuildFile; fileRef = 9FDEAFDF2582BEB100EB239C /* CarDetail.storyboard */; };
/* End PBXBuildFile section */

/* Begin PBXFileReference section */
		105609028EFDF1979837607A /* Pods-exerciciofipe.release.xcconfig */ = {isa = PBXFileReference; includeInIndex = 1; lastKnownFileType = text.xcconfig; name = "Pods-exerciciofipe.release.xcconfig"; path = "Target Support Files/Pods-exerciciofipe/Pods-exerciciofipe.release.xcconfig"; sourceTree = "<group>"; };
		967816B70D1C2F89D50E168D /* Pods_exerciciofipe.framework */ = {isa = PBXFileReference; explicitFileType = wrapper.framework; includeInIndex = 0; path = Pods_exerciciofipe.framework; sourceTree = BUILT_PRODUCTS_DIR; };
		9F2251932581560D009887AA /* CarBrandViewModel.swift */ = {isa = PBXFileReference; lastKnownFileType = sourcecode.swift; path = CarBrandViewModel.swift; sourceTree = "<group>"; };
		9F22519725815B3A009887AA /* BrandViewController.swift */ = {isa = PBXFileReference; lastKnownFileType = sourcecode.swift; path = BrandViewController.swift; sourceTree = "<group>"; };
		9F4057D8257EDD490070F04B /* exerciciofipe.app */ = {isa = PBXFileReference; explicitFileType = wrapper.application; includeInIndex = 0; path = exerciciofipe.app; sourceTree = BUILT_PRODUCTS_DIR; };
		9F4057DB257EDD490070F04B /* AppDelegate.swift */ = {isa = PBXFileReference; lastKnownFileType = sourcecode.swift; path = AppDelegate.swift; sourceTree = "<group>"; };
		9F4057DD257EDD490070F04B /* SceneDelegate.swift */ = {isa = PBXFileReference; lastKnownFileType = sourcecode.swift; path = SceneDelegate.swift; sourceTree = "<group>"; };
		9F4057E4257EDD4B0070F04B /* Assets.xcassets */ = {isa = PBXFileReference; lastKnownFileType = folder.assetcatalog; path = Assets.xcassets; sourceTree = "<group>"; };
		9F4057E7257EDD4B0070F04B /* Base */ = {isa = PBXFileReference; lastKnownFileType = file.storyboard; name = Base; path = Base.lproj/LaunchScreen.storyboard; sourceTree = "<group>"; };
		9F4057E9257EDD4B0070F04B /* Info.plist */ = {isa = PBXFileReference; lastKnownFileType = text.plist.xml; path = Info.plist; sourceTree = "<group>"; };
		9F40580C257EE85E0070F04B /* CarFipeViewCell.swift */ = {isa = PBXFileReference; lastKnownFileType = sourcecode.swift; path = CarFipeViewCell.swift; sourceTree = "<group>"; };
		9F40580D257EE85E0070F04B /* CarFipeViewCell.xib */ = {isa = PBXFileReference; lastKnownFileType = file.xib; path = CarFipeViewCell.xib; sourceTree = "<group>"; };
		9F405811257EEABD0070F04B /* Brand.swift */ = {isa = PBXFileReference; lastKnownFileType = sourcecode.swift; path = Brand.swift; sourceTree = "<group>"; };
		9F405814257EEB740070F04B /* CarModel.swift */ = {isa = PBXFileReference; lastKnownFileType = sourcecode.swift; path = CarModel.swift; sourceTree = "<group>"; };
		9F405818257EEC350070F04B /* BaseClass.swift */ = {isa = PBXFileReference; lastKnownFileType = sourcecode.swift; path = BaseClass.swift; sourceTree = "<group>"; };
		9F40581B257EECC60070F04B /* CarYear.swift */ = {isa = PBXFileReference; lastKnownFileType = sourcecode.swift; path = CarYear.swift; sourceTree = "<group>"; };
		9F40581E257EECEE0070F04B /* CarDetail.swift */ = {isa = PBXFileReference; lastKnownFileType = sourcecode.swift; path = CarDetail.swift; sourceTree = "<group>"; };
		9FDEAFB625815DA000EB239C /* Main.storyboard */ = {isa = PBXFileReference; lastKnownFileType = file.storyboard; path = Main.storyboard; sourceTree = "<group>"; };
		9FDEAFC1258169B500EB239C /* NavigationPages.swift */ = {isa = PBXFileReference; lastKnownFileType = sourcecode.swift; path = NavigationPages.swift; sourceTree = "<group>"; };
		9FDEAFC525817B2600EB239C /* CarModelViewController.swift */ = {isa = PBXFileReference; lastKnownFileType = sourcecode.swift; path = CarModelViewController.swift; sourceTree = "<group>"; };
		9FDEAFC825817B3400EB239C /* CarModel.storyboard */ = {isa = PBXFileReference; lastKnownFileType = file.storyboard; path = CarModel.storyboard; sourceTree = "<group>"; };
		9FDEAFCB25817BB300EB239C /* CarModelViewModel.swift */ = {isa = PBXFileReference; lastKnownFileType = sourcecode.swift; path = CarModelViewModel.swift; sourceTree = "<group>"; };
		9FDEAFCF2582902A00EB239C /* CarYearViewController.swift */ = {isa = PBXFileReference; lastKnownFileType = sourcecode.swift; path = CarYearViewController.swift; sourceTree = "<group>"; };
		9FDEAFD22582903800EB239C /* CarYear.storyboard */ = {isa = PBXFileReference; lastKnownFileType = file.storyboard; path = CarYear.storyboard; sourceTree = "<group>"; };
		9FDEAFD5258290D000EB239C /* CarYearViewModel.swift */ = {isa = PBXFileReference; lastKnownFileType = sourcecode.swift; path = CarYearViewModel.swift; sourceTree = "<group>"; };
		9FDEAFD92582A24800EB239C /* CarDetailViewModel.swift */ = {isa = PBXFileReference; lastKnownFileType = sourcecode.swift; path = CarDetailViewModel.swift; sourceTree = "<group>"; };
		9FDEAFDC2582BE9000EB239C /* CarDetailViewController.swift */ = {isa = PBXFileReference; lastKnownFileType = sourcecode.swift; path = CarDetailViewController.swift; sourceTree = "<group>"; };
		9FDEAFDF2582BEB100EB239C /* CarDetail.storyboard */ = {isa = PBXFileReference; lastKnownFileType = file.storyboard; path = CarDetail.storyboard; sourceTree = "<group>"; };
		CECED150C5F7F668010DF5BE /* Pods-exerciciofipe.debug.xcconfig */ = {isa = PBXFileReference; includeInIndex = 1; lastKnownFileType = text.xcconfig; name = "Pods-exerciciofipe.debug.xcconfig"; path = "Target Support Files/Pods-exerciciofipe/Pods-exerciciofipe.debug.xcconfig"; sourceTree = "<group>"; };
/* End PBXFileReference section */

/* Begin PBXFrameworksBuildPhase section */
		9F4057D5257EDD490070F04B /* Frameworks */ = {
			isa = PBXFrameworksBuildPhase;
			buildActionMask = 2147483647;
			files = (
				7BB1E5C600B8F1C3B00CC8A5 /* Pods_exerciciofipe.framework in Frameworks */,
			);
			runOnlyForDeploymentPostprocessing = 0;
		};
/* End PBXFrameworksBuildPhase section */

/* Begin PBXGroup section */
		0F692C68CCAE4D01031C2FBA /* Frameworks */ = {
			isa = PBXGroup;
			children = (
				967816B70D1C2F89D50E168D /* Pods_exerciciofipe.framework */,
			);
			name = Frameworks;
			sourceTree = "<group>";
		};
		53C487C6A90AC21AC1DF9878 /* Pods */ = {
			isa = PBXGroup;
			children = (
				CECED150C5F7F668010DF5BE /* Pods-exerciciofipe.debug.xcconfig */,
				105609028EFDF1979837607A /* Pods-exerciciofipe.release.xcconfig */,
			);
			path = Pods;
			sourceTree = "<group>";
		};
		9F4057CF257EDD490070F04B = {
			isa = PBXGroup;
			children = (
				9F4057DA257EDD490070F04B /* exerciciofipe */,
				9F4057D9257EDD490070F04B /* Products */,
				53C487C6A90AC21AC1DF9878 /* Pods */,
				0F692C68CCAE4D01031C2FBA /* Frameworks */,
			);
			sourceTree = "<group>";
		};
		9F4057D9257EDD490070F04B /* Products */ = {
			isa = PBXGroup;
			children = (
				9F4057D8257EDD490070F04B /* exerciciofipe.app */,
			);
			name = Products;
			sourceTree = "<group>";
		};
		9F4057DA257EDD490070F04B /* exerciciofipe */ = {
			isa = PBXGroup;
			children = (
				9F4057F9257EE69F0070F04B /* Modules */,
				9F4057DB257EDD490070F04B /* AppDelegate.swift */,
				9F4057DD257EDD490070F04B /* SceneDelegate.swift */,
				9F4057E4257EDD4B0070F04B /* Assets.xcassets */,
				9F4057E6257EDD4B0070F04B /* LaunchScreen.storyboard */,
				9F4057E9257EDD4B0070F04B /* Info.plist */,
			);
			path = exerciciofipe;
			sourceTree = "<group>";
		};
		9F4057F9257EE69F0070F04B /* Modules */ = {
			isa = PBXGroup;
			children = (
				9F4057FA257EE6B10070F04B /* Shared */,
				9F4057FB257EE6BB0070F04B /* CarBrand */,
				9F4057FF257EE7100070F04B /* CarModel */,
				9F405803257EE7480070F04B /* CarYear */,
				9F405807257EE78E0070F04B /* CarDetail */,
			);
			path = Modules;
			sourceTree = "<group>";
		};
		9F4057FA257EE6B10070F04B /* Shared */ = {
			isa = PBXGroup;
			children = (
				9FDEAFC02581698D00EB239C /* Extension */,
				9F405817257EEC150070F04B /* BaseClass */,
				9F40580B257EE82F0070F04B /* Cell */,
			);
			path = Shared;
			sourceTree = "<group>";
		};
		9F4057FB257EE6BB0070F04B /* CarBrand */ = {
			isa = PBXGroup;
			children = (
				9F4057FC257EE6CC0070F04B /* View */,
				9F4057FD257EE6DB0070F04B /* ViewModel */,
				9F4057FE257EE6E50070F04B /* Model */,
			);
			path = CarBrand;
			sourceTree = "<group>";
		};
		9F4057FC257EE6CC0070F04B /* View */ = {
			isa = PBXGroup;
			children = (
				9F22519725815B3A009887AA /* BrandViewController.swift */,
				9FDEAFB625815DA000EB239C /* Main.storyboard */,
			);
			path = View;
			sourceTree = "<group>";
		};
		9F4057FD257EE6DB0070F04B /* ViewModel */ = {
			isa = PBXGroup;
			children = (
				9F2251932581560D009887AA /* CarBrandViewModel.swift */,
			);
			path = ViewModel;
			sourceTree = "<group>";
		};
		9F4057FE257EE6E50070F04B /* Model */ = {
			isa = PBXGroup;
			children = (
				9F405811257EEABD0070F04B /* Brand.swift */,
			);
			path = Model;
			sourceTree = "<group>";
		};
		9F4057FF257EE7100070F04B /* CarModel */ = {
			isa = PBXGroup;
			children = (
				9F405802257EE7390070F04B /* View */,
				9F405801257EE7300070F04B /* ViewModel */,
				9F405800257EE7260070F04B /* Model */,
			);
			path = CarModel;
			sourceTree = "<group>";
		};
		9F405800257EE7260070F04B /* Model */ = {
			isa = PBXGroup;
			children = (
				9F405814257EEB740070F04B /* CarModel.swift */,
			);
			path = Model;
			sourceTree = "<group>";
		};
		9F405801257EE7300070F04B /* ViewModel */ = {
			isa = PBXGroup;
			children = (
				9FDEAFCB25817BB300EB239C /* CarModelViewModel.swift */,
			);
			path = ViewModel;
			sourceTree = "<group>";
		};
		9F405802257EE7390070F04B /* View */ = {
			isa = PBXGroup;
			children = (
				9FDEAFC525817B2600EB239C /* CarModelViewController.swift */,
				9FDEAFC825817B3400EB239C /* CarModel.storyboard */,
			);
			path = View;
			sourceTree = "<group>";
		};
		9F405803257EE7480070F04B /* CarYear */ = {
			isa = PBXGroup;
			children = (
				9F405806257EE7680070F04B /* View */,
				9F405805257EE75E0070F04B /* ViewModel */,
				9F405804257EE7580070F04B /* Model */,
			);
			path = CarYear;
			sourceTree = "<group>";
		};
		9F405804257EE7580070F04B /* Model */ = {
			isa = PBXGroup;
			children = (
				9F40581B257EECC60070F04B /* CarYear.swift */,
			);
			path = Model;
			sourceTree = "<group>";
		};
		9F405805257EE75E0070F04B /* ViewModel */ = {
			isa = PBXGroup;
			children = (
				9FDEAFD5258290D000EB239C /* CarYearViewModel.swift */,
			);
			path = ViewModel;
			sourceTree = "<group>";
		};
		9F405806257EE7680070F04B /* View */ = {
			isa = PBXGroup;
			children = (
				9FDEAFCF2582902A00EB239C /* CarYearViewController.swift */,
				9FDEAFD22582903800EB239C /* CarYear.storyboard */,
			);
			path = View;
			sourceTree = "<group>";
		};
		9F405807257EE78E0070F04B /* CarDetail */ = {
			isa = PBXGroup;
			children = (
				9F40580A257EE7A90070F04B /* View */,
				9F405809257EE79E0070F04B /* ViewModel */,
				9F405808257EE7970070F04B /* Model */,
			);
			path = CarDetail;
			sourceTree = "<group>";
		};
		9F405808257EE7970070F04B /* Model */ = {
			isa = PBXGroup;
			children = (
				9F40581E257EECEE0070F04B /* CarDetail.swift */,
			);
			path = Model;
			sourceTree = "<group>";
		};
		9F405809257EE79E0070F04B /* ViewModel */ = {
			isa = PBXGroup;
			children = (
				9FDEAFD92582A24800EB239C /* CarDetailViewModel.swift */,
			);
			path = ViewModel;
			sourceTree = "<group>";
		};
		9F40580A257EE7A90070F04B /* View */ = {
			isa = PBXGroup;
			children = (
				9FDEAFDC2582BE9000EB239C /* CarDetailViewController.swift */,
				9FDEAFDF2582BEB100EB239C /* CarDetail.storyboard */,
			);
			path = View;
			sourceTree = "<group>";
		};
		9F40580B257EE82F0070F04B /* Cell */ = {
			isa = PBXGroup;
			children = (
				9F40580C257EE85E0070F04B /* CarFipeViewCell.swift */,
				9F40580D257EE85E0070F04B /* CarFipeViewCell.xib */,
			);
			path = Cell;
			sourceTree = "<group>";
		};
		9F405817257EEC150070F04B /* BaseClass */ = {
			isa = PBXGroup;
			children = (
				9F405818257EEC350070F04B /* BaseClass.swift */,
			);
			path = BaseClass;
			sourceTree = "<group>";
		};
		9FDEAFC02581698D00EB239C /* Extension */ = {
			isa = PBXGroup;
			children = (
				9FDEAFC1258169B500EB239C /* NavigationPages.swift */,
			);
			path = Extension;
			sourceTree = "<group>";
		};
/* End PBXGroup section */

/* Begin PBXNativeTarget section */
		9F4057D7257EDD490070F04B /* exerciciofipe */ = {
			isa = PBXNativeTarget;
			buildConfigurationList = 9F4057EC257EDD4B0070F04B /* Build configuration list for PBXNativeTarget "exerciciofipe" */;
			buildPhases = (
				F7BC9E5F4FD35B7AFED4AB70 /* [CP] Check Pods Manifest.lock */,
				9F4057D4257EDD490070F04B /* Sources */,
				9F4057D5257EDD490070F04B /* Frameworks */,
				9F4057D6257EDD490070F04B /* Resources */,
				5C90A74A00C8DE16062232DD /* [CP] Embed Pods Frameworks */,
			);
			buildRules = (
			);
			dependencies = (
			);
			name = exerciciofipe;
			productName = exerciciofipe;
			productReference = 9F4057D8257EDD490070F04B /* exerciciofipe.app */;
			productType = "com.apple.product-type.application";
		};
/* End PBXNativeTarget section */

/* Begin PBXProject section */
		9F4057D0257EDD490070F04B /* Project object */ = {
			isa = PBXProject;
			attributes = {
				LastSwiftUpdateCheck = 1200;
				LastUpgradeCheck = 1200;
				TargetAttributes = {
					9F4057D7257EDD490070F04B = {
						CreatedOnToolsVersion = 12.0.1;
					};
				};
			};
			buildConfigurationList = 9F4057D3257EDD490070F04B /* Build configuration list for PBXProject "exerciciofipe" */;
			compatibilityVersion = "Xcode 9.3";
			developmentRegion = en;
			hasScannedForEncodings = 0;
			knownRegions = (
				en,
				Base,
			);
			mainGroup = 9F4057CF257EDD490070F04B;
			productRefGroup = 9F4057D9257EDD490070F04B /* Products */;
			projectDirPath = "";
			projectRoot = "";
			targets = (
				9F4057D7257EDD490070F04B /* exerciciofipe */,
			);
		};
/* End PBXProject section */

/* Begin PBXResourcesBuildPhase section */
		9F4057D6257EDD490070F04B /* Resources */ = {
			isa = PBXResourcesBuildPhase;
			buildActionMask = 2147483647;
			files = (
				9FDEAFD32582903800EB239C /* CarYear.storyboard in Resources */,
				9F4057E8257EDD4B0070F04B /* LaunchScreen.storyboard in Resources */,
				9FDEAFE02582BEB100EB239C /* CarDetail.storyboard in Resources */,
				9F40580F257EE85E0070F04B /* CarFipeViewCell.xib in Resources */,
				9FDEAFC925817B3400EB239C /* CarModel.storyboard in Resources */,
				9FDEAFB725815DA000EB239C /* Main.storyboard in Resources */,
				9F4057E5257EDD4B0070F04B /* Assets.xcassets in Resources */,
			);
			runOnlyForDeploymentPostprocessing = 0;
		};
/* End PBXResourcesBuildPhase section */

/* Begin PBXShellScriptBuildPhase section */
		5C90A74A00C8DE16062232DD /* [CP] Embed Pods Frameworks */ = {
			isa = PBXShellScriptBuildPhase;
			buildActionMask = 2147483647;
			files = (
			);
			inputFileListPaths = (
				"${PODS_ROOT}/Target Support Files/Pods-exerciciofipe/Pods-exerciciofipe-frameworks-${CONFIGURATION}-input-files.xcfilelist",
			);
			name = "[CP] Embed Pods Frameworks";
			outputFileListPaths = (
				"${PODS_ROOT}/Target Support Files/Pods-exerciciofipe/Pods-exerciciofipe-frameworks-${CONFIGURATION}-output-files.xcfilelist",
			);
			runOnlyForDeploymentPostprocessing = 0;
			shellPath = /bin/sh;
			shellScript = "\"${PODS_ROOT}/Target Support Files/Pods-exerciciofipe/Pods-exerciciofipe-frameworks.sh\"\n";
			showEnvVarsInLog = 0;
		};
		F7BC9E5F4FD35B7AFED4AB70 /* [CP] Check Pods Manifest.lock */ = {
			isa = PBXShellScriptBuildPhase;
			buildActionMask = 2147483647;
			files = (
			);
			inputFileListPaths = (
			);
			inputPaths = (
				"${PODS_PODFILE_DIR_PATH}/Podfile.lock",
				"${PODS_ROOT}/Manifest.lock",
			);
			name = "[CP] Check Pods Manifest.lock";
			outputFileListPaths = (
			);
			outputPaths = (
				"$(DERIVED_FILE_DIR)/Pods-exerciciofipe-checkManifestLockResult.txt",
			);
			runOnlyForDeploymentPostprocessing = 0;
			shellPath = /bin/sh;
			shellScript = "diff \"${PODS_PODFILE_DIR_PATH}/Podfile.lock\" \"${PODS_ROOT}/Manifest.lock\" > /dev/null\nif [ $? != 0 ] ; then\n    # print error to STDERR\n    echo \"error: The sandbox is not in sync with the Podfile.lock. Run 'pod install' or update your CocoaPods installation.\" >&2\n    exit 1\nfi\n# This output is used by Xcode 'outputs' to avoid re-running this script phase.\necho \"SUCCESS\" > \"${SCRIPT_OUTPUT_FILE_0}\"\n";
			showEnvVarsInLog = 0;
		};
/* End PBXShellScriptBuildPhase section */

/* Begin PBXSourcesBuildPhase section */
		9F4057D4257EDD490070F04B /* Sources */ = {
			isa = PBXSourcesBuildPhase;
			buildActionMask = 2147483647;
			files = (
				9F40580E257EE85E0070F04B /* CarFipeViewCell.swift in Sources */,
				9F405815257EEB740070F04B /* CarModel.swift in Sources */,
				9FDEAFCC25817BB300EB239C /* CarModelViewModel.swift in Sources */,
				9FDEAFD6258290D000EB239C /* CarYearViewModel.swift in Sources */,
				9FDEAFC2258169B500EB239C /* NavigationPages.swift in Sources */,
				9F4057DC257EDD490070F04B /* AppDelegate.swift in Sources */,
				9F405819257EEC350070F04B /* BaseClass.swift in Sources */,
				9FDEAFD02582902A00EB239C /* CarYearViewController.swift in Sources */,
				9FDEAFDA2582A24800EB239C /* CarDetailViewModel.swift in Sources */,
				9FDEAFC625817B2600EB239C /* CarModelViewController.swift in Sources */,
				9F405812257EEABD0070F04B /* Brand.swift in Sources */,
				9FDEAFDD2582BE9000EB239C /* CarDetailViewController.swift in Sources */,
				9F40581F257EECEE0070F04B /* CarDetail.swift in Sources */,
				9F2251942581560D009887AA /* CarBrandViewModel.swift in Sources */,
				9F22519825815B3A009887AA /* BrandViewController.swift in Sources */,
				9F4057DE257EDD490070F04B /* SceneDelegate.swift in Sources */,
				9F40581C257EECC60070F04B /* CarYear.swift in Sources */,
			);
			runOnlyForDeploymentPostprocessing = 0;
		};
/* End PBXSourcesBuildPhase section */

/* Begin PBXVariantGroup section */
		9F4057E6257EDD4B0070F04B /* LaunchScreen.storyboard */ = {
			isa = PBXVariantGroup;
			children = (
				9F4057E7257EDD4B0070F04B /* Base */,
			);
			name = LaunchScreen.storyboard;
			sourceTree = "<group>";
		};
/* End PBXVariantGroup section */

/* Begin XCBuildConfiguration section */
		9F4057EA257EDD4B0070F04B /* Debug */ = {
			isa = XCBuildConfiguration;
			buildSettings = {
				ALWAYS_SEARCH_USER_PATHS = NO;
				CLANG_ANALYZER_NONNULL = YES;
				CLANG_ANALYZER_NUMBER_OBJECT_CONVERSION = YES_AGGRESSIVE;
				CLANG_CXX_LANGUAGE_STANDARD = "gnu++14";
				CLANG_CXX_LIBRARY = "libc++";
				CLANG_ENABLE_MODULES = YES;
				CLANG_ENABLE_OBJC_ARC = YES;
				CLANG_ENABLE_OBJC_WEAK = YES;
				CLANG_WARN_BLOCK_CAPTURE_AUTORELEASING = YES;
				CLANG_WARN_BOOL_CONVERSION = YES;
				CLANG_WARN_COMMA = YES;
				CLANG_WARN_CONSTANT_CONVERSION = YES;
				CLANG_WARN_DEPRECATED_OBJC_IMPLEMENTATIONS = YES;
				CLANG_WARN_DIRECT_OBJC_ISA_USAGE = YES_ERROR;
				CLANG_WARN_DOCUMENTATION_COMMENTS = YES;
				CLANG_WARN_EMPTY_BODY = YES;
				CLANG_WARN_ENUM_CONVERSION = YES;
				CLANG_WARN_INFINITE_RECURSION = YES;
				CLANG_WARN_INT_CONVERSION = YES;
				CLANG_WARN_NON_LITERAL_NULL_CONVERSION = YES;
				CLANG_WARN_OBJC_IMPLICIT_RETAIN_SELF = YES;
				CLANG_WARN_OBJC_LITERAL_CONVERSION = YES;
				CLANG_WARN_OBJC_ROOT_CLASS = YES_ERROR;
				CLANG_WARN_QUOTED_INCLUDE_IN_FRAMEWORK_HEADER = YES;
				CLANG_WARN_RANGE_LOOP_ANALYSIS = YES;
				CLANG_WARN_STRICT_PROTOTYPES = YES;
				CLANG_WARN_SUSPICIOUS_MOVE = YES;
				CLANG_WARN_UNGUARDED_AVAILABILITY = YES_AGGRESSIVE;
				CLANG_WARN_UNREACHABLE_CODE = YES;
				CLANG_WARN__DUPLICATE_METHOD_MATCH = YES;
				COPY_PHASE_STRIP = NO;
				DEBUG_INFORMATION_FORMAT = dwarf;
				ENABLE_STRICT_OBJC_MSGSEND = YES;
				ENABLE_TESTABILITY = YES;
				GCC_C_LANGUAGE_STANDARD = gnu11;
				GCC_DYNAMIC_NO_PIC = NO;
				GCC_NO_COMMON_BLOCKS = YES;
				GCC_OPTIMIZATION_LEVEL = 0;
				GCC_PREPROCESSOR_DEFINITIONS = (
					"DEBUG=1",
					"$(inherited)",
				);
				GCC_WARN_64_TO_32_BIT_CONVERSION = YES;
				GCC_WARN_ABOUT_RETURN_TYPE = YES_ERROR;
				GCC_WARN_UNDECLARED_SELECTOR = YES;
				GCC_WARN_UNINITIALIZED_AUTOS = YES_AGGRESSIVE;
				GCC_WARN_UNUSED_FUNCTION = YES;
				GCC_WARN_UNUSED_VARIABLE = YES;
				IPHONEOS_DEPLOYMENT_TARGET = 14.0;
				MTL_ENABLE_DEBUG_INFO = INCLUDE_SOURCE;
				MTL_FAST_MATH = YES;
				ONLY_ACTIVE_ARCH = YES;
				SDKROOT = iphoneos;
				SWIFT_ACTIVE_COMPILATION_CONDITIONS = DEBUG;
				SWIFT_OPTIMIZATION_LEVEL = "-Onone";
			};
			name = Debug;
		};
		9F4057EB257EDD4B0070F04B /* Release */ = {
			isa = XCBuildConfiguration;
			buildSettings = {
				ALWAYS_SEARCH_USER_PATHS = NO;
				CLANG_ANALYZER_NONNULL = YES;
				CLANG_ANALYZER_NUMBER_OBJECT_CONVERSION = YES_AGGRESSIVE;
				CLANG_CXX_LANGUAGE_STANDARD = "gnu++14";
				CLANG_CXX_LIBRARY = "libc++";
				CLANG_ENABLE_MODULES = YES;
				CLANG_ENABLE_OBJC_ARC = YES;
				CLANG_ENABLE_OBJC_WEAK = YES;
				CLANG_WARN_BLOCK_CAPTURE_AUTORELEASING = YES;
				CLANG_WARN_BOOL_CONVERSION = YES;
				CLANG_WARN_COMMA = YES;
				CLANG_WARN_CONSTANT_CONVERSION = YES;
				CLANG_WARN_DEPRECATED_OBJC_IMPLEMENTATIONS = YES;
				CLANG_WARN_DIRECT_OBJC_ISA_USAGE = YES_ERROR;
				CLANG_WARN_DOCUMENTATION_COMMENTS = YES;
				CLANG_WARN_EMPTY_BODY = YES;
				CLANG_WARN_ENUM_CONVERSION = YES;
				CLANG_WARN_INFINITE_RECURSION = YES;
				CLANG_WARN_INT_CONVERSION = YES;
				CLANG_WARN_NON_LITERAL_NULL_CONVERSION = YES;
				CLANG_WARN_OBJC_IMPLICIT_RETAIN_SELF = YES;
				CLANG_WARN_OBJC_LITERAL_CONVERSION = YES;
				CLANG_WARN_OBJC_ROOT_CLASS = YES_ERROR;
				CLANG_WARN_QUOTED_INCLUDE_IN_FRAMEWORK_HEADER = YES;
				CLANG_WARN_RANGE_LOOP_ANALYSIS = YES;
				CLANG_WARN_STRICT_PROTOTYPES = YES;
				CLANG_WARN_SUSPICIOUS_MOVE = YES;
				CLANG_WARN_UNGUARDED_AVAILABILITY = YES_AGGRESSIVE;
				CLANG_WARN_UNREACHABLE_CODE = YES;
				CLANG_WARN__DUPLICATE_METHOD_MATCH = YES;
				COPY_PHASE_STRIP = NO;
				DEBUG_INFORMATION_FORMAT = "dwarf-with-dsym";
				ENABLE_NS_ASSERTIONS = NO;
				ENABLE_STRICT_OBJC_MSGSEND = YES;
				GCC_C_LANGUAGE_STANDARD = gnu11;
				GCC_NO_COMMON_BLOCKS = YES;
				GCC_WARN_64_TO_32_BIT_CONVERSION = YES;
				GCC_WARN_ABOUT_RETURN_TYPE = YES_ERROR;
				GCC_WARN_UNDECLARED_SELECTOR = YES;
				GCC_WARN_UNINITIALIZED_AUTOS = YES_AGGRESSIVE;
				GCC_WARN_UNUSED_FUNCTION = YES;
				GCC_WARN_UNUSED_VARIABLE = YES;
				IPHONEOS_DEPLOYMENT_TARGET = 14.0;
				MTL_ENABLE_DEBUG_INFO = NO;
				MTL_FAST_MATH = YES;
				SDKROOT = iphoneos;
				SWIFT_COMPILATION_MODE = wholemodule;
				SWIFT_OPTIMIZATION_LEVEL = "-O";
				VALIDATE_PRODUCT = YES;
			};
			name = Release;
		};
		9F4057ED257EDD4B0070F04B /* Debug */ = {
			isa = XCBuildConfiguration;
			baseConfigurationReference = CECED150C5F7F668010DF5BE /* Pods-exerciciofipe.debug.xcconfig */;
			buildSettings = {
				ASSETCATALOG_COMPILER_APPICON_NAME = AppIcon;
				ASSETCATALOG_COMPILER_GLOBAL_ACCENT_COLOR_NAME = AccentColor;
				CODE_SIGN_STYLE = Automatic;
				INFOPLIST_FILE = exerciciofipe/Info.plist;
				LD_RUNPATH_SEARCH_PATHS = (
					"$(inherited)",
					"@executable_path/Frameworks",
				);
				PRODUCT_BUNDLE_IDENTIFIER = com.lucianasilsan.exerciciofipe;
				PRODUCT_NAME = "$(TARGET_NAME)";
				SWIFT_VERSION = 5.0;
				TARGETED_DEVICE_FAMILY = "1,2";
			};
			name = Debug;
		};
		9F4057EE257EDD4B0070F04B /* Release */ = {
			isa = XCBuildConfiguration;
			baseConfigurationReference = 105609028EFDF1979837607A /* Pods-exerciciofipe.release.xcconfig */;
			buildSettings = {
				ASSETCATALOG_COMPILER_APPICON_NAME = AppIcon;
				ASSETCATALOG_COMPILER_GLOBAL_ACCENT_COLOR_NAME = AccentColor;
				CODE_SIGN_STYLE = Automatic;
				INFOPLIST_FILE = exerciciofipe/Info.plist;
				LD_RUNPATH_SEARCH_PATHS = (
					"$(inherited)",
					"@executable_path/Frameworks",
				);
				PRODUCT_BUNDLE_IDENTIFIER = com.lucianasilsan.exerciciofipe;
				PRODUCT_NAME = "$(TARGET_NAME)";
				SWIFT_VERSION = 5.0;
				TARGETED_DEVICE_FAMILY = "1,2";
			};
			name = Release;
		};
/* End XCBuildConfiguration section */

/* Begin XCConfigurationList section */
		9F4057D3257EDD490070F04B /* Build configuration list for PBXProject "exerciciofipe" */ = {
			isa = XCConfigurationList;
			buildConfigurations = (
				9F4057EA257EDD4B0070F04B /* Debug */,
				9F4057EB257EDD4B0070F04B /* Release */,
			);
			defaultConfigurationIsVisible = 0;
			defaultConfigurationName = Release;
		};
		9F4057EC257EDD4B0070F04B /* Build configuration list for PBXNativeTarget "exerciciofipe" */ = {
			isa = XCConfigurationList;
			buildConfigurations = (
				9F4057ED257EDD4B0070F04B /* Debug */,
				9F4057EE257EDD4B0070F04B /* Release */,
			);
			defaultConfigurationIsVisible = 0;
			defaultConfigurationName = Release;
		};
/* End XCConfigurationList section */
	};
	rootObject = 9F4057D0257EDD490070F04B /* Project object */;
}
